
Microsoft Visual Studio Solution File, Format Version 12.00
# Visual Studio Version 16
VisualStudioVersion = 16.0.31129.286
MinimumVisualStudioVersion = 10.0.40219.1
Project("{FAE04EC0-301F-11D3-BF4B-00C04F79EFBC}") = "biblioteca", "biblioteca\biblioteca.csproj", "{CD8999F7-1C50-4CE6-8725-0B8E5EFD994B}"
EndProject
Global
	GlobalSection(SolutionConfigurationPlatforms) = preSolution
		Debug|Any CPU = Debug|Any CPU
		Release|Any CPU = Release|Any CPU
	EndGlobalSection
	GlobalSection(ProjectConfigurationPlatforms) = postSolution
		{CD8999F7-1C50-4CE6-8725-0B8E5EFD994B}.Debug|Any CPU.ActiveCfg = Debug|Any CPU
		{CD8999F7-1C50-4CE6-8725-0B8E5EFD994B}.Debug|Any CPU.Build.0 = Debug|Any CPU
		{CD8999F7-1C50-4CE6-8725-0B8E5EFD994B}.Release|Any CPU.ActiveCfg = Release|Any CPU
		{CD8999F7-1C50-4CE6-8725-0B8E5EFD994B}.Release|Any CPU.Build.0 = Release|Any CPU
	EndGlobalSection
	GlobalSection(SolutionProperties) = preSolution
		HideSolutionNode = FALSE
	EndGlobalSection
	GlobalSection(ExtensibilityGlobals) = postSolution
		SolutionGuid = {F0B42C0F-E058-4025-8D92-C3CB2092DD74}
	EndGlobalSection
EndGlobal
